
Microsoft Visual Studio Solution File, Format Version 10.00
# Visual Studio 2008
Project("{FAE04EC0-301F-11D3-BF4B-00C04F79EFBC}") = "Engine", "Engine\Engine.csproj", "{1130B8DD-20F2-4B09-879F-499EC16CAE5F}"
EndProject
Project("{2150E333-8FDC-42A3-9474-1A3956D46DE8}") = "IC.UI", "IC.UI", "{6B17B171-850A-4DAF-B30D-BBB7D6D5A921}"
EndProject
Project("{FAE04EC0-301F-11D3-BF4B-00C04F79EFBC}") = "WixMaker", "IC.UI\WixMaker\WixMaker.csproj", "{DF7A9D76-BE03-4036-AD32-81A11B6CB6BD}"
EndProject
Project("{FAE04EC0-301F-11D3-BF4B-00C04F79EFBC}") = "WixProject", "IC.UI\WixProject\WixProject.csproj", "{B6746401-4AB4-474D-89F8-F9CB065D36BB}"
EndProject
Global
	GlobalSection(SolutionConfigurationPlatforms) = preSolution
		Debug|Any CPU = Debug|Any CPU
		Release|Any CPU = Release|Any CPU
	EndGlobalSection
	GlobalSection(ProjectConfigurationPlatforms) = postSolution
		{1130B8DD-20F2-4B09-879F-499EC16CAE5F}.Debug|Any CPU.ActiveCfg = Debug|Any CPU
		{1130B8DD-20F2-4B09-879F-499EC16CAE5F}.Debug|Any CPU.Build.0 = Debug|Any CPU
		{1130B8DD-20F2-4B09-879F-499EC16CAE5F}.Release|Any CPU.ActiveCfg = Release|Any CPU
		{1130B8DD-20F2-4B09-879F-499EC16CAE5F}.Release|Any CPU.Build.0 = Release|Any CPU
		{DF7A9D76-BE03-4036-AD32-81A11B6CB6BD}.Debug|Any CPU.ActiveCfg = Debug|Any CPU
		{DF7A9D76-BE03-4036-AD32-81A11B6CB6BD}.Debug|Any CPU.Build.0 = Debug|Any CPU
		{DF7A9D76-BE03-4036-AD32-81A11B6CB6BD}.Release|Any CPU.ActiveCfg = Release|Any CPU
		{DF7A9D76-BE03-4036-AD32-81A11B6CB6BD}.Release|Any CPU.Build.0 = Release|Any CPU
		{B6746401-4AB4-474D-89F8-F9CB065D36BB}.Debug|Any CPU.ActiveCfg = Debug|Any CPU
		{B6746401-4AB4-474D-89F8-F9CB065D36BB}.Debug|Any CPU.Build.0 = Debug|Any CPU
		{B6746401-4AB4-474D-89F8-F9CB065D36BB}.Release|Any CPU.ActiveCfg = Release|Any CPU
		{B6746401-4AB4-474D-89F8-F9CB065D36BB}.Release|Any CPU.Build.0 = Release|Any CPU
	EndGlobalSection
	GlobalSection(SolutionProperties) = preSolution
		HideSolutionNode = FALSE
	EndGlobalSection
	GlobalSection(NestedProjects) = preSolution
		{DF7A9D76-BE03-4036-AD32-81A11B6CB6BD} = {6B17B171-850A-4DAF-B30D-BBB7D6D5A921}
		{B6746401-4AB4-474D-89F8-F9CB065D36BB} = {6B17B171-850A-4DAF-B30D-BBB7D6D5A921}
	EndGlobalSection
EndGlobal
